
Microsoft Visual Studio Solution File, Format Version 12.00
# Visual Studio Version 16
VisualStudioVersion = 16.0.29728.190
MinimumVisualStudioVersion = 10.0.40219.1
Project("{FAE04EC0-301F-11D3-BF4B-00C04F79EFBC}") = "StackEngine", "StackEngine.csproj", "{33D32552-4F6C-47CF-87E6-0984AE7F4418}"
EndProject
Project("{FAE04EC0-301F-11D3-BF4B-00C04F79EFBC}") = "StackEngineREPL", "..\StackEngineREPL\StackEngineREPL.csproj", "{BDBFB8C8-1548-4A29-BB66-E2F0F7F8B44D}"
EndProject
Project("{FAE04EC0-301F-11D3-BF4B-00C04F79EFBC}") = "SymbolTable", "..\SymTab\SymbolTable.csproj", "{FB01D6A5-54B9-4C62-8480-B1AF72A822BA}"
EndProject
Global
	GlobalSection(SolutionConfigurationPlatforms) = preSolution
		Debug|Any CPU = Debug|Any CPU
		Release|Any CPU = Release|Any CPU
	EndGlobalSection
	GlobalSection(ProjectConfigurationPlatforms) = postSolution
		{33D32552-4F6C-47CF-87E6-0984AE7F4418}.Debug|Any CPU.ActiveCfg = Debug|Any CPU
		{33D32552-4F6C-47CF-87E6-0984AE7F4418}.Debug|Any CPU.Build.0 = Debug|Any CPU
		{33D32552-4F6C-47CF-87E6-0984AE7F4418}.Release|Any CPU.ActiveCfg = Release|Any CPU
		{33D32552-4F6C-47CF-87E6-0984AE7F4418}.Release|Any CPU.Build.0 = Release|Any CPU
		{BDBFB8C8-1548-4A29-BB66-E2F0F7F8B44D}.Debug|Any CPU.ActiveCfg = Debug|Any CPU
		{BDBFB8C8-1548-4A29-BB66-E2F0F7F8B44D}.Debug|Any CPU.Build.0 = Debug|Any CPU
		{BDBFB8C8-1548-4A29-BB66-E2F0F7F8B44D}.Release|Any CPU.ActiveCfg = Release|Any CPU
		{BDBFB8C8-1548-4A29-BB66-E2F0F7F8B44D}.Release|Any CPU.Build.0 = Release|Any CPU
		{FB01D6A5-54B9-4C62-8480-B1AF72A822BA}.Debug|Any CPU.ActiveCfg = Debug|Any CPU
		{FB01D6A5-54B9-4C62-8480-B1AF72A822BA}.Debug|Any CPU.Build.0 = Debug|Any CPU
		{FB01D6A5-54B9-4C62-8480-B1AF72A822BA}.Release|Any CPU.ActiveCfg = Release|Any CPU
		{FB01D6A5-54B9-4C62-8480-B1AF72A822BA}.Release|Any CPU.Build.0 = Release|Any CPU
	EndGlobalSection
	GlobalSection(SolutionProperties) = preSolution
		HideSolutionNode = FALSE
	EndGlobalSection
	GlobalSection(ExtensibilityGlobals) = postSolution
		SolutionGuid = {137DC305-A2CB-4C6B-A754-B66BA2A77EAB}
	EndGlobalSection
EndGlobal
